
Microsoft Visual Studio Solution File, Format Version 12.00
# Visual Studio 14
VisualStudioVersion = 14.0.25123.0
MinimumVisualStudioVersion = 10.0.40219.1
Project("{FAE04EC0-301F-11D3-BF4B-00C04F79EFBC}") = "Trivia", "Trivia\Trivia.csproj", "{3F721779-9985-4FF7-87ED-068B699DD2C6}"
EndProject
Project("{FAE04EC0-301F-11D3-BF4B-00C04F79EFBC}") = "DataStore", "DataStore\DataStore.csproj", "{8D6EA034-E1F7-4F0B-A54E-A38AB7500CBC}"
EndProject
Project("{FAE04EC0-301F-11D3-BF4B-00C04F79EFBC}") = "DatabaseManagement", "DatabaseManagement\DatabaseManagement.csproj", "{C614A1D1-18BA-439C-94B9-C9D1453C7891}"
EndProject
Global
	GlobalSection(SolutionConfigurationPlatforms) = preSolution
		Debug|Any CPU = Debug|Any CPU
		Release|Any CPU = Release|Any CPU
	EndGlobalSection
	GlobalSection(ProjectConfigurationPlatforms) = postSolution
		{3F721779-9985-4FF7-87ED-068B699DD2C6}.Debug|Any CPU.ActiveCfg = Debug|Any CPU
		{3F721779-9985-4FF7-87ED-068B699DD2C6}.Debug|Any CPU.Build.0 = Debug|Any CPU
		{3F721779-9985-4FF7-87ED-068B699DD2C6}.Release|Any CPU.ActiveCfg = Release|Any CPU
		{3F721779-9985-4FF7-87ED-068B699DD2C6}.Release|Any CPU.Build.0 = Release|Any CPU
		{8D6EA034-E1F7-4F0B-A54E-A38AB7500CBC}.Debug|Any CPU.ActiveCfg = Debug|Any CPU
		{8D6EA034-E1F7-4F0B-A54E-A38AB7500CBC}.Debug|Any CPU.Build.0 = Debug|Any CPU
		{8D6EA034-E1F7-4F0B-A54E-A38AB7500CBC}.Release|Any CPU.ActiveCfg = Release|Any CPU
		{8D6EA034-E1F7-4F0B-A54E-A38AB7500CBC}.Release|Any CPU.Build.0 = Release|Any CPU
		{C614A1D1-18BA-439C-94B9-C9D1453C7891}.Debug|Any CPU.ActiveCfg = Debug|Any CPU
		{C614A1D1-18BA-439C-94B9-C9D1453C7891}.Debug|Any CPU.Build.0 = Debug|Any CPU
		{C614A1D1-18BA-439C-94B9-C9D1453C7891}.Release|Any CPU.ActiveCfg = Release|Any CPU
		{C614A1D1-18BA-439C-94B9-C9D1453C7891}.Release|Any CPU.Build.0 = Release|Any CPU
	EndGlobalSection
	GlobalSection(SolutionProperties) = preSolution
		HideSolutionNode = FALSE
	EndGlobalSection
EndGlobal
